
Microsoft Visual Studio Solution File, Format Version 12.00
# Visual Studio Version 17
VisualStudioVersion = 17.14.36301.6 d17.14
MinimumVisualStudioVersion = 10.0.40219.1
Project("{FAE04EC0-301F-11D3-BF4B-00C04F79EFBC}") = "ForkliftHub", "ForkliftHub\ForkliftHub.csproj", "{35E851C6-B039-40C0-B027-9EC8F78FADFA}"
EndProject
Global
	GlobalSection(SolutionConfigurationPlatforms) = preSolution
		Debug|Any CPU = Debug|Any CPU
		Release|Any CPU = Release|Any CPU
	EndGlobalSection
	GlobalSection(ProjectConfigurationPlatforms) = postSolution
		{35E851C6-B039-40C0-B027-9EC8F78FADFA}.Debug|Any CPU.ActiveCfg = Debug|Any CPU
		{35E851C6-B039-40C0-B027-9EC8F78FADFA}.Debug|Any CPU.Build.0 = Debug|Any CPU
		{35E851C6-B039-40C0-B027-9EC8F78FADFA}.Release|Any CPU.ActiveCfg = Release|Any CPU
		{35E851C6-B039-40C0-B027-9EC8F78FADFA}.Release|Any CPU.Build.0 = Release|Any CPU
	EndGlobalSection
	GlobalSection(SolutionProperties) = preSolution
		HideSolutionNode = FALSE
	EndGlobalSection
	GlobalSection(ExtensibilityGlobals) = postSolution
		SolutionGuid = {4AB7E5FE-3D64-4141-A2A1-CF32233B085F}
	EndGlobalSection
EndGlobal
